
Microsoft Visual Studio Solution File, Format Version 12.00
# Visual Studio Version 17
VisualStudioVersion = 17.0.31903.59
MinimumVisualStudioVersion = 10.0.40219.1
Project("{FAE04EC0-301F-11D3-BF4B-00C04F79EFBC}") = "Meeting Room Booking", "Meeting Room Booking\Meeting Room Booking.csproj", "{392C2C02-1CC0-4B4E-A95F-F0742445829E}"
EndProject
Global
	GlobalSection(SolutionConfigurationPlatforms) = preSolution
		Debug|Any CPU = Debug|Any CPU
		Release|Any CPU = Release|Any CPU
	EndGlobalSection
	GlobalSection(ProjectConfigurationPlatforms) = postSolution
		{392C2C02-1CC0-4B4E-A95F-F0742445829E}.Debug|Any CPU.ActiveCfg = Debug|Any CPU
		{392C2C02-1CC0-4B4E-A95F-F0742445829E}.Debug|Any CPU.Build.0 = Debug|Any CPU
		{392C2C02-1CC0-4B4E-A95F-F0742445829E}.Release|Any CPU.ActiveCfg = Release|Any CPU
		{392C2C02-1CC0-4B4E-A95F-F0742445829E}.Release|Any CPU.Build.0 = Release|Any CPU
	EndGlobalSection
	GlobalSection(SolutionProperties) = preSolution
		HideSolutionNode = FALSE
	EndGlobalSection
	GlobalSection(ExtensibilityGlobals) = postSolution
		SolutionGuid = {5849E5E4-1A4A-4C5D-80FA-39C668BC8D2D}
	EndGlobalSection
EndGlobal
